{
  "requires": true,
  "lockfileVersion": 1,
  "dependencies": {
    "console-log-design-system": {
      "version": "0.2.4",
      "resolved": "https://registry.npmjs.org/console-log-design-system/-/console-log-design-system-0.2.4.tgz",
      "integrity": "sha512-6o2mCquWwYe1V1s5pwfWSyq3Y2567Crv3UD+BE45fiSDjOItPM2T46fLLgQKJPvvYx4VVNXG3/kvGXbImBb9UA=="
    }
  }
}
